
Microsoft Visual Studio Solution File, Format Version 12.00
# Visual Studio Version 16
VisualStudioVersion = 16.0.29519.87
MinimumVisualStudioVersion = 10.0.40219.1
Project("{FAE04EC0-301F-11D3-BF4B-00C04F79EFBC}") = "tinhGiot", "tinhGiot\tinhGiot.csproj", "{5B404BD6-6297-4BC6-81BB-C82D46719F61}"
EndProject
Project("{FAE04EC0-301F-11D3-BF4B-00C04F79EFBC}") = "BaseClasses", "BaseClasses\BaseClasses.csproj", "{BE95FC10-4264-4698-9533-72787F9A7AF4}"
EndProject
Global
	GlobalSection(SolutionConfigurationPlatforms) = preSolution
		Debug|Any CPU = Debug|Any CPU
		Release|Any CPU = Release|Any CPU
	EndGlobalSection
	GlobalSection(ProjectConfigurationPlatforms) = postSolution
		{5B404BD6-6297-4BC6-81BB-C82D46719F61}.Debug|Any CPU.ActiveCfg = Debug|Any CPU
		{5B404BD6-6297-4BC6-81BB-C82D46719F61}.Debug|Any CPU.Build.0 = Debug|Any CPU
		{5B404BD6-6297-4BC6-81BB-C82D46719F61}.Release|Any CPU.ActiveCfg = Release|Any CPU
		{5B404BD6-6297-4BC6-81BB-C82D46719F61}.Release|Any CPU.Build.0 = Release|Any CPU
		{BE95FC10-4264-4698-9533-72787F9A7AF4}.Debug|Any CPU.ActiveCfg = Debug|Any CPU
		{BE95FC10-4264-4698-9533-72787F9A7AF4}.Debug|Any CPU.Build.0 = Debug|Any CPU
		{BE95FC10-4264-4698-9533-72787F9A7AF4}.Release|Any CPU.ActiveCfg = Release|Any CPU
		{BE95FC10-4264-4698-9533-72787F9A7AF4}.Release|Any CPU.Build.0 = Release|Any CPU
	EndGlobalSection
	GlobalSection(SolutionProperties) = preSolution
		HideSolutionNode = FALSE
	EndGlobalSection
	GlobalSection(ExtensibilityGlobals) = postSolution
		SolutionGuid = {A633A269-8144-45E2-905A-258DCD823BD6}
	EndGlobalSection
EndGlobal
